// !$*UTF8*$!
{
	archiveVersion = 1;
	classes = {
	};
	objectVersion = 46;
	objects = {

/* Begin PBXBuildFile section */
		6C19D29F19A2E7B5002BCC22 /* AppDelegate.swift in Sources */ = {isa = PBXBuildFile; fileRef = 6C19D29E19A2E7B5002BCC22 /* AppDelegate.swift */; };
		6C19D2A119A2E7B5002BCC22 /* ViewController.swift in Sources */ = {isa = PBXBuildFile; fileRef = 6C19D2A019A2E7B5002BCC22 /* ViewController.swift */; };
		6C19D2A419A2E7B5002BCC22 /* Main.storyboard in Resources */ = {isa = PBXBuildFile; fileRef = 6C19D2A219A2E7B5002BCC22 /* Main.storyboard */; };
		6C19D2A619A2E7B5002BCC22 /* Images.xcassets in Resources */ = {isa = PBXBuildFile; fileRef = 6C19D2A519A2E7B5002BCC22 /* Images.xcassets */; };
		6C19D2B219A2E7B6002BCC22 /* CounterAppTests.swift in Sources */ = {isa = PBXBuildFile; fileRef = 6C19D2B119A2E7B6002BCC22 /* CounterAppTests.swift */; };
/* End PBXBuildFile section */

/* Begin PBXContainerItemProxy section */
		6C19D2AC19A2E7B6002BCC22 /* PBXContainerItemProxy */ = {
			isa = PBXContainerItemProxy;
			containerPortal = 6C19D29119A2E7B5002BCC22 /* Project object */;
			proxyType = 1;
			remoteGlobalIDString = 6C19D29819A2E7B5002BCC22;
			remoteInfo = CounterApp;
		};
/* End PBXContainerItemProxy section */

/* Begin PBXFileReference section */
		6C19D29919A2E7B5002BCC22 /* CounterApp.app */ = {isa = PBXFileReference; explicitFileType = wrapper.application; includeInIndex = 0; path = CounterApp.app; sourceTree = BUILT_PRODUCTS_DIR; };
		6C19D29D19A2E7B5002BCC22 /* Info.plist */ = {isa = PBXFileReference; lastKnownFileType = text.plist.xml; path = Info.plist; sourceTree = "<group>"; };
		6C19D29E19A2E7B5002BCC22 /* AppDelegate.swift */ = {isa = PBXFileReference; lastKnownFileType = sourcecode.swift; path = AppDelegate.swift; sourceTree = "<group>"; };
		6C19D2A019A2E7B5002BCC22 /* ViewController.swift */ = {isa = PBXFileReference; lastKnownFileType = sourcecode.swift; path = ViewController.swift; sourceTree = "<group>"; };
		6C19D2A319A2E7B5002BCC22 /* Base */ = {isa = PBXFileReference; lastKnownFileType = file.storyboard; name = Base; path = Base.lproj/Main.storyboard; sourceTree = "<group>"; };
		6C19D2A519A2E7B5002BCC22 /* Images.xcassets */ = {isa = PBXFileReference; lastKnownFileType = folder.assetcatalog; path = Images.xcassets; sourceTree = "<group>"; };
		6C19D2AB19A2E7B6002BCC22 /* CounterAppTests.xctest */ = {isa = PBXFileReference; explicitFileType = wrapper.cfbundle; includeInIndex = 0; path = CounterAppTests.xctest; sourceTree = BUILT_PRODUCTS_DIR; };
		6C19D2B019A2E7B6002BCC22 /* Info.plist */ = {isa = PBXFileReference; lastKnownFileType = text.plist.xml; path = Info.plist; sourceTree = "<group>"; };
		6C19D2B119A2E7B6002BCC22 /* CounterAppTests.swift */ = {isa = PBXFileReference; lastKnownFileType = sourcecode.swift; path = CounterAppTests.swift; sourceTree = "<group>"; };
/* End PBXFileReference section */

/* Begin PBXFrameworksBuildPhase section */
		6C19D29619A2E7B5002BCC22 /* Frameworks */ = {
			isa = PBXFrameworksBuildPhase;
			buildActionMask = 2147483647;
			files = (
			);
			runOnlyForDeploymentPostprocessing = 0;
		};
		6C19D2A819A2E7B6002BCC22 /* Frameworks */ = {
			isa = PBXFrameworksBuildPhase;
			buildActionMask = 2147483647;
			files = (
			);
			runOnlyForDeploymentPostprocessing = 0;
		};
/* End PBXFrameworksBuildPhase section */

/* Begin PBXGroup section */
		6C19D29019A2E7B5002BCC22 = {
			isa = PBXGroup;
			children = (
				6C19D29B19A2E7B5002BCC22 /* CounterApp */,
				6C19D2AE19A2E7B6002BCC22 /* CounterAppTests */,
				6C19D29A19A2E7B5002BCC22 /* Products */,
			);
			sourceTree = "<group>";
		};
		6C19D29A19A2E7B5002BCC22 /* Products */ = {
			isa = PBXGroup;
			children = (
				6C19D29919A2E7B5002BCC22 /* CounterApp.app */,
				6C19D2AB19A2E7B6002BCC22 /* CounterAppTests.xctest */,
			);
			name = Products;
			sourceTree = "<group>";
		};
		6C19D29B19A2E7B5002BCC22 /* CounterApp */ = {
			isa = PBXGroup;
			children = (
				6C19D29E19A2E7B5002BCC22 /* AppDelegate.swift */,
				6C19D2A019A2E7B5002BCC22 /* ViewController.swift */,
				6C19D2A219A2E7B5002BCC22 /* Main.storyboard */,
				6C19D2A519A2E7B5002BCC22 /* Images.xcassets */,
				6C19D29C19A2E7B5002BCC22 /* Supporting Files */,
			);
			path = CounterApp;
			sourceTree = "<group>";
		};
		6C19D29C19A2E7B5002BCC22 /* Supporting Files */ = {
			isa = PBXGroup;
			children = (
				6C19D29D19A2E7B5002BCC22 /* Info.plist */,
			);
			name = "Supporting Files";
			sourceTree = "<group>";
		};
		6C19D2AE19A2E7B6002BCC22 /* CounterAppTests */ = {
			isa = PBXGroup;
			children = (
				6C19D2B119A2E7B6002BCC22 /* CounterAppTests.swift */,
				6C19D2AF19A2E7B6002BCC22 /* Supporting Files */,
			);
			path = CounterAppTests;
			sourceTree = "<group>";
		};
		6C19D2AF19A2E7B6002BCC22 /* Supporting Files */ = {
			isa = PBXGroup;
			children = (
				6C19D2B019A2E7B6002BCC22 /* Info.plist */,
			);
			name = "Supporting Files";
			sourceTree = "<group>";
		};
/* End PBXGroup section */

/* Begin PBXNativeTarget section */
		6C19D29819A2E7B5002BCC22 /* CounterApp */ = {
			isa = PBXNativeTarget;
			buildConfigurationList = 6C19D2B519A2E7B6002BCC22 /* Build configuration list for PBXNativeTarget "CounterApp" */;
			buildPhases = (
				6C19D29519A2E7B5002BCC22 /* Sources */,
				6C19D29619A2E7B5002BCC22 /* Frameworks */,
				6C19D29719A2E7B5002BCC22 /* Resources */,
			);
			buildRules = (
			);
			dependencies = (
			);
			name = CounterApp;
			productName = CounterApp;
			productReference = 6C19D29919A2E7B5002BCC22 /* CounterApp.app */;
			productType = "com.apple.product-type.application";
		};
		6C19D2AA19A2E7B6002BCC22 /* CounterAppTests */ = {
			isa = PBXNativeTarget;
			buildConfigurationList = 6C19D2B819A2E7B6002BCC22 /* Build configuration list for PBXNativeTarget "CounterAppTests" */;
			buildPhases = (
				6C19D2A719A2E7B6002BCC22 /* Sources */,
				6C19D2A819A2E7B6002BCC22 /* Frameworks */,
				6C19D2A919A2E7B6002BCC22 /* Resources */,
			);
			buildRules = (
			);
			dependencies = (
				6C19D2AD19A2E7B6002BCC22 /* PBXTargetDependency */,
			);
			name = CounterAppTests;
			productName = CounterAppTests;
			productReference = 6C19D2AB19A2E7B6002BCC22 /* CounterAppTests.xctest */;
			productType = "com.apple.product-type.bundle.unit-test";
		};
/* End PBXNativeTarget section */

/* Begin PBXProject section */
		6C19D29119A2E7B5002BCC22 /* Project object */ = {
			isa = PBXProject;
			attributes = {
				LastUpgradeCheck = 0600;
				ORGANIZATIONNAME = "Touchopia, LLC";
				TargetAttributes = {
					6C19D29819A2E7B5002BCC22 = {
						CreatedOnToolsVersion = 6.0;
					};
					6C19D2AA19A2E7B6002BCC22 = {
						CreatedOnToolsVersion = 6.0;
						TestTargetID = 6C19D29819A2E7B5002BCC22;
					};
				};
			};
			buildConfigurationList = 6C19D29419A2E7B5002BCC22 /* Build configuration list for PBXProject "CounterApp" */;
			compatibilityVersion = "Xcode 3.2";
			developmentRegion = English;
			hasScannedForEncodings = 0;
			knownRegions = (
				en,
				Base,
			);
			mainGroup = 6C19D29019A2E7B5002BCC22;
			productRefGroup = 6C19D29A19A2E7B5002BCC22 /* Products */;
			projectDirPath = "";
			projectRoot = "";
			targets = (
				6C19D29819A2E7B5002BCC22 /* CounterApp */,
				6C19D2AA19A2E7B6002BCC22 /* CounterAppTests */,
			);
		};
/* End PBXProject section */

/* Begin PBXResourcesBuildPhase section */
		6C19D29719A2E7B5002BCC22 /* Resources */ = {
			isa = PBXResourcesBuildPhase;
			buildActionMask = 2147483647;
			files = (
				6C19D2A419A2E7B5002BCC22 /* Main.storyboard in Resources */,
				6C19D2A619A2E7B5002BCC22 /* Images.xcassets in Resources */,
			);
			runOnlyForDeploymentPostprocessing = 0;
		};
		6C19D2A919A2E7B6002BCC22 /* Resources */ = {
			isa = PBXResourcesBuildPhase;
			buildActionMask = 2147483647;
			files = (
			);
			runOnlyForDeploymentPostprocessing = 0;
		};
/* End PBXResourcesBuildPhase section */

/* Begin PBXSourcesBuildPhase section */
		6C19D29519A2E7B5002BCC22 /* Sources */ = {
			isa = PBXSourcesBuildPhase;
			buildActionMask = 2147483647;
			files = (
				6C19D2A119A2E7B5002BCC22 /* ViewController.swift in Sources */,
				6C19D29F19A2E7B5002BCC22 /* AppDelegate.swift in Sources */,
			);
			runOnlyForDeploymentPostprocessing = 0;
		};
		6C19D2A719A2E7B6002BCC22 /* Sources */ = {
			isa = PBXSourcesBuildPhase;
			buildActionMask = 2147483647;
			files = (
				6C19D2B219A2E7B6002BCC22 /* CounterAppTests.swift in Sources */,
			);
			runOnlyForDeploymentPostprocessing = 0;
		};
/* End PBXSourcesBuildPhase section */

/* Begin PBXTargetDependency section */
		6C19D2AD19A2E7B6002BCC22 /* PBXTargetDependency */ = {
			isa = PBXTargetDependency;
			target = 6C19D29819A2E7B5002BCC22 /* CounterApp */;
			targetProxy = 6C19D2AC19A2E7B6002BCC22 /* PBXContainerItemProxy */;
		};
/* End PBXTargetDependency section */

/* Begin PBXVariantGroup section */
		6C19D2A219A2E7B5002BCC22 /* Main.storyboard */ = {
			isa = PBXVariantGroup;
			children = (
				6C19D2A319A2E7B5002BCC22 /* Base */,
			);
			name = Main.storyboard;
			sourceTree = "<group>";
		};
/* End PBXVariantGroup section */

/* Begin XCBuildConfiguration section */
		6C19D2B319A2E7B6002BCC22 /* Debug */ = {
			isa = XCBuildConfiguration;
			buildSettings = {
				ALWAYS_SEARCH_USER_PATHS = NO;
				CLANG_CXX_LANGUAGE_STANDARD = "gnu++0x";
				CLANG_CXX_LIBRARY = "libc++";
				CLANG_ENABLE_MODULES = YES;
				CLANG_ENABLE_OBJC_ARC = YES;
				CLANG_WARN_BOOL_CONVERSION = YES;
				CLANG_WARN_CONSTANT_CONVERSION = YES;
				CLANG_WARN_DIRECT_OBJC_ISA_USAGE = YES_ERROR;
				CLANG_WARN_EMPTY_BODY = YES;
				CLANG_WARN_ENUM_CONVERSION = YES;
				CLANG_WARN_INT_CONVERSION = YES;
				CLANG_WARN_OBJC_ROOT_CLASS = YES_ERROR;
				CLANG_WARN_UNREACHABLE_CODE = YES;
				CLANG_WARN__DUPLICATE_METHOD_MATCH = YES;
				"CODE_SIGN_IDENTITY[sdk=iphoneos*]" = "iPhone Developer";
				COPY_PHASE_STRIP = NO;
				ENABLE_STRICT_OBJC_MSGSEND = YES;
				GCC_C_LANGUAGE_STANDARD = gnu99;
				GCC_DYNAMIC_NO_PIC = NO;
				GCC_OPTIMIZATION_LEVEL = 0;
				GCC_PREPROCESSOR_DEFINITIONS = (
					"DEBUG=1",
					"$(inherited)",
				);
				GCC_SYMBOLS_PRIVATE_EXTERN = NO;
				GCC_WARN_64_TO_32_BIT_CONVERSION = YES;
				GCC_WARN_ABOUT_RETURN_TYPE = YES_ERROR;
				GCC_WARN_UNDECLARED_SELECTOR = YES;
				GCC_WARN_UNINITIALIZED_AUTOS = YES_AGGRESSIVE;
				GCC_WARN_UNUSED_FUNCTION = YES;
				GCC_WARN_UNUSED_VARIABLE = YES;
				IPHONEOS_DEPLOYMENT_TARGET = 8.0;
				MTL_ENABLE_DEBUG_INFO = YES;
				ONLY_ACTIVE_ARCH = YES;
				SDKROOT = iphoneos;
				SWIFT_OPTIMIZATION_LEVEL = "-Onone";
			};
			name = Debug;
		};
		6C19D2B419A2E7B6002BCC22 /* Release */ = {
			isa = XCBuildConfiguration;
			buildSettings = {
				ALWAYS_SEARCH_USER_PATHS = NO;
				CLANG_CXX_LANGUAGE_STANDARD = "gnu++0x";
				CLANG_CXX_LIBRARY = "libc++";
				CLANG_ENABLE_MODULES = YES;
				CLANG_ENABLE_OBJC_ARC = YES;
				CLANG_WARN_BOOL_CONVERSION = YES;
				CLANG_WARN_CONSTANT_CONVERSION = YES;
				CLANG_WARN_DIRECT_OBJC_ISA_USAGE = YES_ERROR;
				CLANG_WARN_EMPTY_BODY = YES;
				CLANG_WARN_ENUM_CONVERSION = YES;
				CLANG_WARN_INT_CONVERSION = YES;
				CLANG_WARN_OBJC_ROOT_CLASS = YES_ERROR;
				CLANG_WARN_UNREACHABLE_CODE = YES;
				CLANG_WARN__DUPLICATE_METHOD_MATCH = YES;
				"CODE_SIGN_IDENTITY[sdk=iphoneos*]" = "iPhone Developer";
				COPY_PHASE_STRIP = YES;
				ENABLE_NS_ASSERTIONS = NO;
				ENABLE_STRICT_OBJC_MSGSEND = YES;
				GCC_C_LANGUAGE_STANDARD = gnu99;
				GCC_WARN_64_TO_32_BIT_CONVERSION = YES;
				GCC_WARN_ABOUT_RETURN_TYPE = YES_ERROR;
				GCC_WARN_UNDECLARED_SELECTOR = YES;
				GCC_WARN_UNINITIALIZED_AUTOS = YES_AGGRESSIVE;
				GCC_WARN_UNUSED_FUNCTION = YES;
				GCC_WARN_UNUSED_VARIABLE = YES;
				IPHONEOS_DEPLOYMENT_TARGET = 8.0;
				MTL_ENABLE_DEBUG_INFO = NO;
				SDKROOT = iphoneos;
				VALIDATE_PRODUCT = YES;
			};
			name = Release;
		};
		6C19D2B619A2E7B6002BCC22 /* Debug */ = {
			isa = XCBuildConfiguration;
			buildSettings = {
				ASSETCATALOG_COMPILER_APPICON_NAME = AppIcon;
				ASSETCATALOG_COMPILER_LAUNCHIMAGE_NAME = LaunchImage;
				INFOPLIST_FILE = CounterApp/Info.plist;
				LD_RUNPATH_SEARCH_PATHS = "$(inherited) @executable_path/Frameworks";
				PRODUCT_NAME = "$(TARGET_NAME)";
			};
			name = Debug;
		};
		6C19D2B719A2E7B6002BCC22 /* Release */ = {
			isa = XCBuildConfiguration;
			buildSettings = {
				ASSETCATALOG_COMPILER_APPICON_NAME = AppIcon;
				ASSETCATALOG_COMPILER_LAUNCHIMAGE_NAME = LaunchImage;
				INFOPLIST_FILE = CounterApp/Info.plist;
				LD_RUNPATH_SEARCH_PATHS = "$(inherited) @executable_path/Frameworks";
				PRODUCT_NAME = "$(TARGET_NAME)";
			};
			name = Release;
		};
		6C19D2B919A2E7B6002BCC22 /* Debug */ = {
			isa = XCBuildConfiguration;
			buildSettings = {
				BUNDLE_LOADER = "$(TEST_HOST)";
				FRAMEWORK_SEARCH_PATHS = (
					"$(SDKROOT)/Developer/Library/Frameworks",
					"$(inherited)",
				);
				GCC_PREPROCESSOR_DEFINITIONS = (
					"DEBUG=1",
					"$(inherited)",
				);
				INFOPLIST_FILE = CounterAppTests/Info.plist;
				LD_RUNPATH_SEARCH_PATHS = "$(inherited) @executable_path/Frameworks @loader_path/Frameworks";
				PRODUCT_NAME = "$(TARGET_NAME)";
				TEST_HOST = "$(BUILT_PRODUCTS_DIR)/CounterApp.app/CounterApp";
			};
			name = Debug;
		};
		6C19D2BA19A2E7B6002BCC22 /* Release */ = {
			isa = XCBuildConfiguration;
			buildSettings = {
				BUNDLE_LOADER = "$(TEST_HOST)";
				FRAMEWORK_SEARCH_PATHS = (
					"$(SDKROOT)/Developer/Library/Frameworks",
					"$(inherited)",
				);
				INFOPLIST_FILE = CounterAppTests/Info.plist;
				LD_RUNPATH_SEARCH_PATHS = "$(inherited) @executable_path/Frameworks @loader_path/Frameworks";
				PRODUCT_NAME = "$(TARGET_NAME)";
				TEST_HOST = "$(BUILT_PRODUCTS_DIR)/CounterApp.app/CounterApp";
			};
			name = Release;
		};
/* End XCBuildConfiguration section */

/* Begin XCConfigurationList section */
		6C19D29419A2E7B5002BCC22 /* Build configuration list for PBXProject "CounterApp" */ = {
			isa = XCConfigurationList;
			buildConfigurations = (
				6C19D2B319A2E7B6002BCC22 /* Debug */,
				6C19D2B419A2E7B6002BCC22 /* Release */,
			);
			defaultConfigurationIsVisible = 0;
			defaultConfigurationName = Release;
		};
		6C19D2B519A2E7B6002BCC22 /* Build configuration list for PBXNativeTarget "CounterApp" */ = {
			isa = XCConfigurationList;
			buildConfigurations = (
				6C19D2B619A2E7B6002BCC22 /* Debug */,
				6C19D2B719A2E7B6002BCC22 /* Release */,
			);
			defaultConfigurationIsVisible = 0;
		};
		6C19D2B819A2E7B6002BCC22 /* Build configuration list for PBXNativeTarget "CounterAppTests" */ = {
			isa = XCConfigurationList;
			buildConfigurations = (
				6C19D2B919A2E7B6002BCC22 /* Debug */,
				6C19D2BA19A2E7B6002BCC22 /* Release */,
			);
			defaultConfigurationIsVisible = 0;
		};
/* End XCConfigurationList section */
	};
	rootObject = 6C19D29119A2E7B5002BCC22 /* Project object */;
}
